
Microsoft Visual Studio Solution File, Format Version 12.00
# Visual Studio 15
VisualStudioVersion = 15.0.28307.852
MinimumVisualStudioVersion = 10.0.40219.1
Project("{FAE04EC0-301F-11D3-BF4B-00C04F79EFBC}") = "TS.Scrabble.WFUI", "TS.Scrabble\TS.Scrabble.WFUI.csproj", "{440B28FA-B4C8-4041-A832-7F4A7864CC5A}"
EndProject
Global
	GlobalSection(SolutionConfigurationPlatforms) = preSolution
		Debug|Any CPU = Debug|Any CPU
		Release|Any CPU = Release|Any CPU
	EndGlobalSection
	GlobalSection(ProjectConfigurationPlatforms) = postSolution
		{440B28FA-B4C8-4041-A832-7F4A7864CC5A}.Debug|Any CPU.ActiveCfg = Debug|Any CPU
		{440B28FA-B4C8-4041-A832-7F4A7864CC5A}.Debug|Any CPU.Build.0 = Debug|Any CPU
		{440B28FA-B4C8-4041-A832-7F4A7864CC5A}.Release|Any CPU.ActiveCfg = Release|Any CPU
		{440B28FA-B4C8-4041-A832-7F4A7864CC5A}.Release|Any CPU.Build.0 = Release|Any CPU
	EndGlobalSection
	GlobalSection(SolutionProperties) = preSolution
		HideSolutionNode = FALSE
	EndGlobalSection
	GlobalSection(ExtensibilityGlobals) = postSolution
		SolutionGuid = {4030C641-BB3F-438E-858B-CC1B199E05F0}
	EndGlobalSection
EndGlobal
